
Microsoft Visual Studio Solution File, Format Version 12.00
# Visual Studio Version 17
VisualStudioVersion = 17.0.31903.59
MinimumVisualStudioVersion = 10.0.40219.1
Project("{2150E333-8FDC-42A3-9474-1A3956D46DE8}") = "Takumi.Web", "Takumi.Web", "{5DE538A5-C6FC-06D1-86D5-4042B65D46D9}"
EndProject
Project("{FAE04EC0-301F-11D3-BF4B-00C04F79EFBC}") = "Takumi", "Takumi.Web\Takumi.csproj", "{C309724A-81F8-4EF0-BF6B-9193146AA0DB}"
EndProject
Project("{FAE04EC0-301F-11D3-BF4B-00C04F79EFBC}") = "Taukimi.Api", "Taukimi.Api\Taukimi.Api.csproj", "{69DF5E4E-B157-47B6-AFA2-AF183EC338D4}"
EndProject
Global
	GlobalSection(SolutionConfigurationPlatforms) = preSolution
		Debug|Any CPU = Debug|Any CPU
		Debug|x64 = Debug|x64
		Debug|x86 = Debug|x86
		Release|Any CPU = Release|Any CPU
		Release|x64 = Release|x64
		Release|x86 = Release|x86
	EndGlobalSection
	GlobalSection(ProjectConfigurationPlatforms) = postSolution
		{C309724A-81F8-4EF0-BF6B-9193146AA0DB}.Debug|Any CPU.ActiveCfg = Debug|Any CPU
		{C309724A-81F8-4EF0-BF6B-9193146AA0DB}.Debug|Any CPU.Build.0 = Debug|Any CPU
		{C309724A-81F8-4EF0-BF6B-9193146AA0DB}.Debug|x64.ActiveCfg = Debug|Any CPU
		{C309724A-81F8-4EF0-BF6B-9193146AA0DB}.Debug|x64.Build.0 = Debug|Any CPU
		{C309724A-81F8-4EF0-BF6B-9193146AA0DB}.Debug|x86.ActiveCfg = Debug|Any CPU
		{C309724A-81F8-4EF0-BF6B-9193146AA0DB}.Debug|x86.Build.0 = Debug|Any CPU
		{C309724A-81F8-4EF0-BF6B-9193146AA0DB}.Release|Any CPU.ActiveCfg = Release|Any CPU
		{C309724A-81F8-4EF0-BF6B-9193146AA0DB}.Release|Any CPU.Build.0 = Release|Any CPU
		{C309724A-81F8-4EF0-BF6B-9193146AA0DB}.Release|x64.ActiveCfg = Release|Any CPU
		{C309724A-81F8-4EF0-BF6B-9193146AA0DB}.Release|x64.Build.0 = Release|Any CPU
		{C309724A-81F8-4EF0-BF6B-9193146AA0DB}.Release|x86.ActiveCfg = Release|Any CPU
		{C309724A-81F8-4EF0-BF6B-9193146AA0DB}.Release|x86.Build.0 = Release|Any CPU
		{69DF5E4E-B157-47B6-AFA2-AF183EC338D4}.Debug|Any CPU.ActiveCfg = Debug|Any CPU
		{69DF5E4E-B157-47B6-AFA2-AF183EC338D4}.Debug|Any CPU.Build.0 = Debug|Any CPU
		{69DF5E4E-B157-47B6-AFA2-AF183EC338D4}.Debug|x64.ActiveCfg = Debug|Any CPU
		{69DF5E4E-B157-47B6-AFA2-AF183EC338D4}.Debug|x64.Build.0 = Debug|Any CPU
		{69DF5E4E-B157-47B6-AFA2-AF183EC338D4}.Debug|x86.ActiveCfg = Debug|Any CPU
		{69DF5E4E-B157-47B6-AFA2-AF183EC338D4}.Debug|x86.Build.0 = Debug|Any CPU
		{69DF5E4E-B157-47B6-AFA2-AF183EC338D4}.Release|Any CPU.ActiveCfg = Release|Any CPU
		{69DF5E4E-B157-47B6-AFA2-AF183EC338D4}.Release|Any CPU.Build.0 = Release|Any CPU
		{69DF5E4E-B157-47B6-AFA2-AF183EC338D4}.Release|x64.ActiveCfg = Release|Any CPU
		{69DF5E4E-B157-47B6-AFA2-AF183EC338D4}.Release|x64.Build.0 = Release|Any CPU
		{69DF5E4E-B157-47B6-AFA2-AF183EC338D4}.Release|x86.ActiveCfg = Release|Any CPU
		{69DF5E4E-B157-47B6-AFA2-AF183EC338D4}.Release|x86.Build.0 = Release|Any CPU
	EndGlobalSection
	GlobalSection(SolutionProperties) = preSolution
		HideSolutionNode = FALSE
	EndGlobalSection
	GlobalSection(NestedProjects) = preSolution
		{C309724A-81F8-4EF0-BF6B-9193146AA0DB} = {5DE538A5-C6FC-06D1-86D5-4042B65D46D9}
		{69DF5E4E-B157-47B6-AFA2-AF183EC338D4} = {5DE538A5-C6FC-06D1-86D5-4042B65D46D9}
	EndGlobalSection
EndGlobal
